
Microsoft Visual Studio Solution File, Format Version 12.00
# Visual Studio Version 17
VisualStudioVersion = 17.5.002.0
MinimumVisualStudioVersion = 10.0.40219.1
Project("{9A19103F-16F7-4668-BE54-9A1E7A4F7556}") = "HelloDotNetFramework", "연습\HelloDotNetFramework.csproj", "{B314D92B-D3A8-4EA5-BDF9-0E005C44E75E}"
EndProject
Project("{9A19103F-16F7-4668-BE54-9A1E7A4F7556}") = "CRUD 테스트", "CRUD 테스트\CRUD 테스트.csproj", "{6E495CB4-CD9B-4EE4-84F2-E30D7E03FC15}"
EndProject
Project("{9A19103F-16F7-4668-BE54-9A1E7A4F7556}") = "C#", "개발 환경 세팅\C#.csproj", "{D549F381-B947-4139-983E-D16C18101DFF}"
EndProject
Project("{9A19103F-16F7-4668-BE54-9A1E7A4F7556}") = "간단한 CRUD", "간단한 CRUD\간단한 CRUD.csproj", "{6BD95EC2-E79F-41A0-9015-7C805AAA2487}"
EndProject
Global
	GlobalSection(SolutionConfigurationPlatforms) = preSolution
		Debug|Any CPU = Debug|Any CPU
		Release|Any CPU = Release|Any CPU
	EndGlobalSection
	GlobalSection(ProjectConfigurationPlatforms) = postSolution
		{B314D92B-D3A8-4EA5-BDF9-0E005C44E75E}.Debug|Any CPU.ActiveCfg = Debug|Any CPU
		{B314D92B-D3A8-4EA5-BDF9-0E005C44E75E}.Debug|Any CPU.Build.0 = Debug|Any CPU
		{B314D92B-D3A8-4EA5-BDF9-0E005C44E75E}.Release|Any CPU.ActiveCfg = Release|Any CPU
		{B314D92B-D3A8-4EA5-BDF9-0E005C44E75E}.Release|Any CPU.Build.0 = Release|Any CPU
		{6E495CB4-CD9B-4EE4-84F2-E30D7E03FC15}.Debug|Any CPU.ActiveCfg = Debug|Any CPU
		{6E495CB4-CD9B-4EE4-84F2-E30D7E03FC15}.Debug|Any CPU.Build.0 = Debug|Any CPU
		{6E495CB4-CD9B-4EE4-84F2-E30D7E03FC15}.Release|Any CPU.ActiveCfg = Release|Any CPU
		{6E495CB4-CD9B-4EE4-84F2-E30D7E03FC15}.Release|Any CPU.Build.0 = Release|Any CPU
		{D549F381-B947-4139-983E-D16C18101DFF}.Debug|Any CPU.ActiveCfg = Debug|Any CPU
		{D549F381-B947-4139-983E-D16C18101DFF}.Debug|Any CPU.Build.0 = Debug|Any CPU
		{D549F381-B947-4139-983E-D16C18101DFF}.Release|Any CPU.ActiveCfg = Release|Any CPU
		{D549F381-B947-4139-983E-D16C18101DFF}.Release|Any CPU.Build.0 = Release|Any CPU
		{6BD95EC2-E79F-41A0-9015-7C805AAA2487}.Debug|Any CPU.ActiveCfg = Debug|Any CPU
		{6BD95EC2-E79F-41A0-9015-7C805AAA2487}.Debug|Any CPU.Build.0 = Debug|Any CPU
		{6BD95EC2-E79F-41A0-9015-7C805AAA2487}.Release|Any CPU.ActiveCfg = Release|Any CPU
		{6BD95EC2-E79F-41A0-9015-7C805AAA2487}.Release|Any CPU.Build.0 = Release|Any CPU
	EndGlobalSection
	GlobalSection(SolutionProperties) = preSolution
		HideSolutionNode = FALSE
	EndGlobalSection
	GlobalSection(ExtensibilityGlobals) = postSolution
		SolutionGuid = {DBC5A8A8-AFC9-4A11-A48A-E9013F65AAB7}
	EndGlobalSection
EndGlobal
